
Microsoft Visual Studio Solution File, Format Version 12.00
# Visual Studio Version 16
VisualStudioVersion = 16.0.29418.71
MinimumVisualStudioVersion = 10.0.40219.1
Project("{FAE04EC0-301F-11D3-BF4B-00C04F79EFBC}") = "TicTacToe", "TicTacToe\TicTacToe.csproj", "{C2D6992B-17A7-4346-AE4C-6A8F6C2BE57F}"
EndProject
Project("{FAE04EC0-301F-11D3-BF4B-00C04F79EFBC}") = "Games", "Games\Games.csproj", "{688E9C37-5FEC-4072-9BB1-E4C996C51383}"
EndProject
Project("{FAE04EC0-301F-11D3-BF4B-00C04F79EFBC}") = "TicTacToeTests", "TicTacToeTests\TicTacToeTests.csproj", "{8A6450AB-9586-4406-AFBC-B01B64103956}"
EndProject
Project("{FAE04EC0-301F-11D3-BF4B-00C04F79EFBC}") = "GamesTests", "GamesTests\GamesTests.csproj", "{2DE839ED-A15B-4BFC-870A-6B9BC42A6C77}"
EndProject
Global
	GlobalSection(SolutionConfigurationPlatforms) = preSolution
		Debug|Any CPU = Debug|Any CPU
		Release|Any CPU = Release|Any CPU
	EndGlobalSection
	GlobalSection(ProjectConfigurationPlatforms) = postSolution
		{C2D6992B-17A7-4346-AE4C-6A8F6C2BE57F}.Debug|Any CPU.ActiveCfg = Debug|Any CPU
		{C2D6992B-17A7-4346-AE4C-6A8F6C2BE57F}.Debug|Any CPU.Build.0 = Debug|Any CPU
		{C2D6992B-17A7-4346-AE4C-6A8F6C2BE57F}.Release|Any CPU.ActiveCfg = Release|Any CPU
		{C2D6992B-17A7-4346-AE4C-6A8F6C2BE57F}.Release|Any CPU.Build.0 = Release|Any CPU
		{688E9C37-5FEC-4072-9BB1-E4C996C51383}.Debug|Any CPU.ActiveCfg = Debug|Any CPU
		{688E9C37-5FEC-4072-9BB1-E4C996C51383}.Debug|Any CPU.Build.0 = Debug|Any CPU
		{688E9C37-5FEC-4072-9BB1-E4C996C51383}.Release|Any CPU.ActiveCfg = Release|Any CPU
		{688E9C37-5FEC-4072-9BB1-E4C996C51383}.Release|Any CPU.Build.0 = Release|Any CPU
		{8A6450AB-9586-4406-AFBC-B01B64103956}.Debug|Any CPU.ActiveCfg = Debug|Any CPU
		{8A6450AB-9586-4406-AFBC-B01B64103956}.Debug|Any CPU.Build.0 = Debug|Any CPU
		{8A6450AB-9586-4406-AFBC-B01B64103956}.Release|Any CPU.ActiveCfg = Release|Any CPU
		{8A6450AB-9586-4406-AFBC-B01B64103956}.Release|Any CPU.Build.0 = Release|Any CPU
		{2DE839ED-A15B-4BFC-870A-6B9BC42A6C77}.Debug|Any CPU.ActiveCfg = Debug|Any CPU
		{2DE839ED-A15B-4BFC-870A-6B9BC42A6C77}.Debug|Any CPU.Build.0 = Debug|Any CPU
		{2DE839ED-A15B-4BFC-870A-6B9BC42A6C77}.Release|Any CPU.ActiveCfg = Release|Any CPU
		{2DE839ED-A15B-4BFC-870A-6B9BC42A6C77}.Release|Any CPU.Build.0 = Release|Any CPU
	EndGlobalSection
	GlobalSection(SolutionProperties) = preSolution
		HideSolutionNode = FALSE
	EndGlobalSection
	GlobalSection(ExtensibilityGlobals) = postSolution
		SolutionGuid = {2FE19550-B7E0-4E5F-B494-7C239CC1B49B}
	EndGlobalSection
EndGlobal
